// !$*UTF8*$!
{
	archiveVersion = 1;
	classes = {
	};
	objectVersion = 56;
	objects = {

/* Begin PBXBuildFile section */
		233FBC3D29A6B0E3008CB891 /* AppDelegate.swift in Sources */ = {isa = PBXBuildFile; fileRef = 233FBC3C29A6B0E3008CB891 /* AppDelegate.swift */; };
		233FBC3F29A6B0E3008CB891 /* SceneDelegate.swift in Sources */ = {isa = PBXBuildFile; fileRef = 233FBC3E29A6B0E3008CB891 /* SceneDelegate.swift */; };
		233FBC4429A6B0E3008CB891 /* Main.storyboard in Resources */ = {isa = PBXBuildFile; fileRef = 233FBC4229A6B0E3008CB891 /* Main.storyboard */; };
		233FBC4629A6B0E4008CB891 /* Assets.xcassets in Resources */ = {isa = PBXBuildFile; fileRef = 233FBC4529A6B0E4008CB891 /* Assets.xcassets */; };
		233FBC4929A6B0E4008CB891 /* LaunchScreen.storyboard in Resources */ = {isa = PBXBuildFile; fileRef = 233FBC4729A6B0E4008CB891 /* LaunchScreen.storyboard */; };
		233FBC5529A6B182008CB891 /* RandomFact.swift in Sources */ = {isa = PBXBuildFile; fileRef = 233FBC5429A6B182008CB891 /* RandomFact.swift */; };
		233FBC5729A6B1A0008CB891 /* RandomFactController.swift in Sources */ = {isa = PBXBuildFile; fileRef = 233FBC5629A6B1A0008CB891 /* RandomFactController.swift */; };
		233FBC5929A6B5CA008CB891 /* Constants.swift in Sources */ = {isa = PBXBuildFile; fileRef = 233FBC5829A6B5CA008CB891 /* Constants.swift */; };
/* End PBXBuildFile section */

/* Begin PBXFileReference section */
		233FBC3929A6B0E3008CB891 /* BYOA4.3.app */ = {isa = PBXFileReference; explicitFileType = wrapper.application; includeInIndex = 0; path = BYOA4.3.app; sourceTree = BUILT_PRODUCTS_DIR; };
		233FBC3C29A6B0E3008CB891 /* AppDelegate.swift */ = {isa = PBXFileReference; lastKnownFileType = sourcecode.swift; path = AppDelegate.swift; sourceTree = "<group>"; };
		233FBC3E29A6B0E3008CB891 /* SceneDelegate.swift */ = {isa = PBXFileReference; lastKnownFileType = sourcecode.swift; path = SceneDelegate.swift; sourceTree = "<group>"; };
		233FBC4329A6B0E3008CB891 /* Base */ = {isa = PBXFileReference; lastKnownFileType = file.storyboard; name = Base; path = Base.lproj/Main.storyboard; sourceTree = "<group>"; };
		233FBC4529A6B0E4008CB891 /* Assets.xcassets */ = {isa = PBXFileReference; lastKnownFileType = folder.assetcatalog; path = Assets.xcassets; sourceTree = "<group>"; };
		233FBC4829A6B0E4008CB891 /* Base */ = {isa = PBXFileReference; lastKnownFileType = file.storyboard; name = Base; path = Base.lproj/LaunchScreen.storyboard; sourceTree = "<group>"; };
		233FBC4A29A6B0E4008CB891 /* Info.plist */ = {isa = PBXFileReference; lastKnownFileType = text.plist.xml; path = Info.plist; sourceTree = "<group>"; };
		233FBC5429A6B182008CB891 /* RandomFact.swift */ = {isa = PBXFileReference; lastKnownFileType = sourcecode.swift; path = RandomFact.swift; sourceTree = "<group>"; };
		233FBC5629A6B1A0008CB891 /* RandomFactController.swift */ = {isa = PBXFileReference; lastKnownFileType = sourcecode.swift; path = RandomFactController.swift; sourceTree = "<group>"; };
		233FBC5829A6B5CA008CB891 /* Constants.swift */ = {isa = PBXFileReference; lastKnownFileType = sourcecode.swift; path = Constants.swift; sourceTree = "<group>"; };
/* End PBXFileReference section */

/* Begin PBXFrameworksBuildPhase section */
		233FBC3629A6B0E3008CB891 /* Frameworks */ = {
			isa = PBXFrameworksBuildPhase;
			buildActionMask = 2147483647;
			files = (
			);
			runOnlyForDeploymentPostprocessing = 0;
		};
/* End PBXFrameworksBuildPhase section */

/* Begin PBXGroup section */
		233FBC3029A6B0E3008CB891 = {
			isa = PBXGroup;
			children = (
				233FBC3B29A6B0E3008CB891 /* BYOA4.3 */,
				233FBC3A29A6B0E3008CB891 /* Products */,
			);
			sourceTree = "<group>";
		};
		233FBC3A29A6B0E3008CB891 /* Products */ = {
			isa = PBXGroup;
			children = (
				233FBC3929A6B0E3008CB891 /* BYOA4.3.app */,
			);
			name = Products;
			sourceTree = "<group>";
		};
		233FBC3B29A6B0E3008CB891 /* BYOA4.3 */ = {
			isa = PBXGroup;
			children = (
				233FBC5A29A6BB29008CB891 /* StoryBoard */,
				233FBC5229A6B132008CB891 /* ModelController */,
				233FBC5129A6B12B008CB891 /* Model */,
				233FBC5029A6B0F0008CB891 /* SupportingFiles */,
			);
			path = BYOA4.3;
			sourceTree = "<group>";
		};
		233FBC5029A6B0F0008CB891 /* SupportingFiles */ = {
			isa = PBXGroup;
			children = (
				233FBC3C29A6B0E3008CB891 /* AppDelegate.swift */,
				233FBC3E29A6B0E3008CB891 /* SceneDelegate.swift */,
				233FBC4529A6B0E4008CB891 /* Assets.xcassets */,
				233FBC4A29A6B0E4008CB891 /* Info.plist */,
				233FBC5829A6B5CA008CB891 /* Constants.swift */,
			);
			path = SupportingFiles;
			sourceTree = "<group>";
		};
		233FBC5129A6B12B008CB891 /* Model */ = {
			isa = PBXGroup;
			children = (
				233FBC5429A6B182008CB891 /* RandomFact.swift */,
			);
			path = Model;
			sourceTree = "<group>";
		};
		233FBC5229A6B132008CB891 /* ModelController */ = {
			isa = PBXGroup;
			children = (
				233FBC5629A6B1A0008CB891 /* RandomFactController.swift */,
			);
			path = ModelController;
			sourceTree = "<group>";
		};
		233FBC5A29A6BB29008CB891 /* StoryBoard */ = {
			isa = PBXGroup;
			children = (
				233FBC4229A6B0E3008CB891 /* Main.storyboard */,
				233FBC4729A6B0E4008CB891 /* LaunchScreen.storyboard */,
			);
			path = StoryBoard;
			sourceTree = "<group>";
		};
/* End PBXGroup section */

/* Begin PBXNativeTarget section */
		233FBC3829A6B0E3008CB891 /* BYOA4.3 */ = {
			isa = PBXNativeTarget;
			buildConfigurationList = 233FBC4D29A6B0E4008CB891 /* Build configuration list for PBXNativeTarget "BYOA4.3" */;
			buildPhases = (
				233FBC3529A6B0E3008CB891 /* Sources */,
				233FBC3629A6B0E3008CB891 /* Frameworks */,
				233FBC3729A6B0E3008CB891 /* Resources */,
			);
			buildRules = (
			);
			dependencies = (
			);
			name = BYOA4.3;
			productName = BYOA4.3;
			productReference = 233FBC3929A6B0E3008CB891 /* BYOA4.3.app */;
			productType = "com.apple.product-type.application";
		};
/* End PBXNativeTarget section */

/* Begin PBXProject section */
		233FBC3129A6B0E3008CB891 /* Project object */ = {
			isa = PBXProject;
			attributes = {
				BuildIndependentTargetsInParallel = 1;
				LastSwiftUpdateCheck = 1420;
				LastUpgradeCheck = 1420;
				TargetAttributes = {
					233FBC3829A6B0E3008CB891 = {
						CreatedOnToolsVersion = 14.2;
					};
				};
			};
			buildConfigurationList = 233FBC3429A6B0E3008CB891 /* Build configuration list for PBXProject "BYOA4.3" */;
			compatibilityVersion = "Xcode 14.0";
			developmentRegion = en;
			hasScannedForEncodings = 0;
			knownRegions = (
				en,
				Base,
			);
			mainGroup = 233FBC3029A6B0E3008CB891;
			productRefGroup = 233FBC3A29A6B0E3008CB891 /* Products */;
			projectDirPath = "";
			projectRoot = "";
			targets = (
				233FBC3829A6B0E3008CB891 /* BYOA4.3 */,
			);
		};
/* End PBXProject section */

/* Begin PBXResourcesBuildPhase section */
		233FBC3729A6B0E3008CB891 /* Resources */ = {
			isa = PBXResourcesBuildPhase;
			buildActionMask = 2147483647;
			files = (
				233FBC4929A6B0E4008CB891 /* LaunchScreen.storyboard in Resources */,
				233FBC4629A6B0E4008CB891 /* Assets.xcassets in Resources */,
				233FBC4429A6B0E3008CB891 /* Main.storyboard in Resources */,
			);
			runOnlyForDeploymentPostprocessing = 0;
		};
/* End PBXResourcesBuildPhase section */

/* Begin PBXSourcesBuildPhase section */
		233FBC3529A6B0E3008CB891 /* Sources */ = {
			isa = PBXSourcesBuildPhase;
			buildActionMask = 2147483647;
			files = (
				233FBC5529A6B182008CB891 /* RandomFact.swift in Sources */,
				233FBC5729A6B1A0008CB891 /* RandomFactController.swift in Sources */,
				233FBC3D29A6B0E3008CB891 /* AppDelegate.swift in Sources */,
				233FBC3F29A6B0E3008CB891 /* SceneDelegate.swift in Sources */,
				233FBC5929A6B5CA008CB891 /* Constants.swift in Sources */,
			);
			runOnlyForDeploymentPostprocessing = 0;
		};
/* End PBXSourcesBuildPhase section */

/* Begin PBXVariantGroup section */
		233FBC4229A6B0E3008CB891 /* Main.storyboard */ = {
			isa = PBXVariantGroup;
			children = (
				233FBC4329A6B0E3008CB891 /* Base */,
			);
			name = Main.storyboard;
			sourceTree = "<group>";
		};
		233FBC4729A6B0E4008CB891 /* LaunchScreen.storyboard */ = {
			isa = PBXVariantGroup;
			children = (
				233FBC4829A6B0E4008CB891 /* Base */,
			);
			name = LaunchScreen.storyboard;
			sourceTree = "<group>";
		};
/* End PBXVariantGroup section */

/* Begin XCBuildConfiguration section */
		233FBC4B29A6B0E4008CB891 /* Debug */ = {
			isa = XCBuildConfiguration;
			buildSettings = {
				ALWAYS_SEARCH_USER_PATHS = NO;
				CLANG_ANALYZER_NONNULL = YES;
				CLANG_ANALYZER_NUMBER_OBJECT_CONVERSION = YES_AGGRESSIVE;
				CLANG_CXX_LANGUAGE_STANDARD = "gnu++20";
				CLANG_ENABLE_MODULES = YES;
				CLANG_ENABLE_OBJC_ARC = YES;
				CLANG_ENABLE_OBJC_WEAK = YES;
				CLANG_WARN_BLOCK_CAPTURE_AUTORELEASING = YES;
				CLANG_WARN_BOOL_CONVERSION = YES;
				CLANG_WARN_COMMA = YES;
				CLANG_WARN_CONSTANT_CONVERSION = YES;
				CLANG_WARN_DEPRECATED_OBJC_IMPLEMENTATIONS = YES;
				CLANG_WARN_DIRECT_OBJC_ISA_USAGE = YES_ERROR;
				CLANG_WARN_DOCUMENTATION_COMMENTS = YES;
				CLANG_WARN_EMPTY_BODY = YES;
				CLANG_WARN_ENUM_CONVERSION = YES;
				CLANG_WARN_INFINITE_RECURSION = YES;
				CLANG_WARN_INT_CONVERSION = YES;
				CLANG_WARN_NON_LITERAL_NULL_CONVERSION = YES;
				CLANG_WARN_OBJC_IMPLICIT_RETAIN_SELF = YES;
				CLANG_WARN_OBJC_LITERAL_CONVERSION = YES;
				CLANG_WARN_OBJC_ROOT_CLASS = YES_ERROR;
				CLANG_WARN_QUOTED_INCLUDE_IN_FRAMEWORK_HEADER = YES;
				CLANG_WARN_RANGE_LOOP_ANALYSIS = YES;
				CLANG_WARN_STRICT_PROTOTYPES = YES;
				CLANG_WARN_SUSPICIOUS_MOVE = YES;
				CLANG_WARN_UNGUARDED_AVAILABILITY = YES_AGGRESSIVE;
				CLANG_WARN_UNREACHABLE_CODE = YES;
				CLANG_WARN__DUPLICATE_METHOD_MATCH = YES;
				COPY_PHASE_STRIP = NO;
				DEBUG_INFORMATION_FORMAT = dwarf;
				ENABLE_STRICT_OBJC_MSGSEND = YES;
				ENABLE_TESTABILITY = YES;
				GCC_C_LANGUAGE_STANDARD = gnu11;
				GCC_DYNAMIC_NO_PIC = NO;
				GCC_NO_COMMON_BLOCKS = YES;
				GCC_OPTIMIZATION_LEVEL = 0;
				GCC_PREPROCESSOR_DEFINITIONS = (
					"DEBUG=1",
					"$(inherited)",
				);
				GCC_WARN_64_TO_32_BIT_CONVERSION = YES;
				GCC_WARN_ABOUT_RETURN_TYPE = YES_ERROR;
				GCC_WARN_UNDECLARED_SELECTOR = YES;
				GCC_WARN_UNINITIALIZED_AUTOS = YES_AGGRESSIVE;
				GCC_WARN_UNUSED_FUNCTION = YES;
				GCC_WARN_UNUSED_VARIABLE = YES;
				IPHONEOS_DEPLOYMENT_TARGET = 16.2;
				MTL_ENABLE_DEBUG_INFO = INCLUDE_SOURCE;
				MTL_FAST_MATH = YES;
				ONLY_ACTIVE_ARCH = YES;
				SDKROOT = iphoneos;
				SWIFT_ACTIVE_COMPILATION_CONDITIONS = DEBUG;
				SWIFT_OPTIMIZATION_LEVEL = "-Onone";
			};
			name = Debug;
		};
		233FBC4C29A6B0E4008CB891 /* Release */ = {
			isa = XCBuildConfiguration;
			buildSettings = {
				ALWAYS_SEARCH_USER_PATHS = NO;
				CLANG_ANALYZER_NONNULL = YES;
				CLANG_ANALYZER_NUMBER_OBJECT_CONVERSION = YES_AGGRESSIVE;
				CLANG_CXX_LANGUAGE_STANDARD = "gnu++20";
				CLANG_ENABLE_MODULES = YES;
				CLANG_ENABLE_OBJC_ARC = YES;
				CLANG_ENABLE_OBJC_WEAK = YES;
				CLANG_WARN_BLOCK_CAPTURE_AUTORELEASING = YES;
				CLANG_WARN_BOOL_CONVERSION = YES;
				CLANG_WARN_COMMA = YES;
				CLANG_WARN_CONSTANT_CONVERSION = YES;
				CLANG_WARN_DEPRECATED_OBJC_IMPLEMENTATIONS = YES;
				CLANG_WARN_DIRECT_OBJC_ISA_USAGE = YES_ERROR;
				CLANG_WARN_DOCUMENTATION_COMMENTS = YES;
				CLANG_WARN_EMPTY_BODY = YES;
				CLANG_WARN_ENUM_CONVERSION = YES;
				CLANG_WARN_INFINITE_RECURSION = YES;
				CLANG_WARN_INT_CONVERSION = YES;
				CLANG_WARN_NON_LITERAL_NULL_CONVERSION = YES;
				CLANG_WARN_OBJC_IMPLICIT_RETAIN_SELF = YES;
				CLANG_WARN_OBJC_LITERAL_CONVERSION = YES;
				CLANG_WARN_OBJC_ROOT_CLASS = YES_ERROR;
				CLANG_WARN_QUOTED_INCLUDE_IN_FRAMEWORK_HEADER = YES;
				CLANG_WARN_RANGE_LOOP_ANALYSIS = YES;
				CLANG_WARN_STRICT_PROTOTYPES = YES;
				CLANG_WARN_SUSPICIOUS_MOVE = YES;
				CLANG_WARN_UNGUARDED_AVAILABILITY = YES_AGGRESSIVE;
				CLANG_WARN_UNREACHABLE_CODE = YES;
				CLANG_WARN__DUPLICATE_METHOD_MATCH = YES;
				COPY_PHASE_STRIP = NO;
				DEBUG_INFORMATION_FORMAT = "dwarf-with-dsym";
				ENABLE_NS_ASSERTIONS = NO;
				ENABLE_STRICT_OBJC_MSGSEND = YES;
				GCC_C_LANGUAGE_STANDARD = gnu11;
				GCC_NO_COMMON_BLOCKS = YES;
				GCC_WARN_64_TO_32_BIT_CONVERSION = YES;
				GCC_WARN_ABOUT_RETURN_TYPE = YES_ERROR;
				GCC_WARN_UNDECLARED_SELECTOR = YES;
				GCC_WARN_UNINITIALIZED_AUTOS = YES_AGGRESSIVE;
				GCC_WARN_UNUSED_FUNCTION = YES;
				GCC_WARN_UNUSED_VARIABLE = YES;
				IPHONEOS_DEPLOYMENT_TARGET = 16.2;
				MTL_ENABLE_DEBUG_INFO = NO;
				MTL_FAST_MATH = YES;
				SDKROOT = iphoneos;
				SWIFT_COMPILATION_MODE = wholemodule;
				SWIFT_OPTIMIZATION_LEVEL = "-O";
				VALIDATE_PRODUCT = YES;
			};
			name = Release;
		};
		233FBC4E29A6B0E4008CB891 /* Debug */ = {
			isa = XCBuildConfiguration;
			buildSettings = {
				ASSETCATALOG_COMPILER_APPICON_NAME = AppIcon;
				ASSETCATALOG_COMPILER_GLOBAL_ACCENT_COLOR_NAME = AccentColor;
				CODE_SIGN_STYLE = Automatic;
				CURRENT_PROJECT_VERSION = 1;
				GENERATE_INFOPLIST_FILE = YES;
				INFOPLIST_FILE = BYOA4.3/SupportingFiles/Info.plist;
				INFOPLIST_KEY_UIApplicationSupportsIndirectInputEvents = YES;
				INFOPLIST_KEY_UILaunchStoryboardName = LaunchScreen;
				INFOPLIST_KEY_UIMainStoryboardFile = Main;
				INFOPLIST_KEY_UISupportedInterfaceOrientations_iPad = "UIInterfaceOrientationPortrait UIInterfaceOrientationPortraitUpsideDown UIInterfaceOrientationLandscapeLeft UIInterfaceOrientationLandscapeRight";
				INFOPLIST_KEY_UISupportedInterfaceOrientations_iPhone = "UIInterfaceOrientationPortrait UIInterfaceOrientationLandscapeLeft UIInterfaceOrientationLandscapeRight";
				LD_RUNPATH_SEARCH_PATHS = (
					"$(inherited)",
					"@executable_path/Frameworks",
				);
				MARKETING_VERSION = 1.0;
				PRODUCT_BUNDLE_IDENTIFIER = "dotGlo.BYOA4-3";
				PRODUCT_NAME = "$(TARGET_NAME)";
				SWIFT_EMIT_LOC_STRINGS = YES;
				SWIFT_VERSION = 5.0;
				TARGETED_DEVICE_FAMILY = "1,2";
			};
			name = Debug;
		};
		233FBC4F29A6B0E4008CB891 /* Release */ = {
			isa = XCBuildConfiguration;
			buildSettings = {
				ASSETCATALOG_COMPILER_APPICON_NAME = AppIcon;
				ASSETCATALOG_COMPILER_GLOBAL_ACCENT_COLOR_NAME = AccentColor;
				CODE_SIGN_STYLE = Automatic;
				CURRENT_PROJECT_VERSION = 1;
				GENERATE_INFOPLIST_FILE = YES;
				INFOPLIST_FILE = BYOA4.3/SupportingFiles/Info.plist;
				INFOPLIST_KEY_UIApplicationSupportsIndirectInputEvents = YES;
				INFOPLIST_KEY_UILaunchStoryboardName = LaunchScreen;
				INFOPLIST_KEY_UIMainStoryboardFile = Main;
				INFOPLIST_KEY_UISupportedInterfaceOrientations_iPad = "UIInterfaceOrientationPortrait UIInterfaceOrientationPortraitUpsideDown UIInterfaceOrientationLandscapeLeft UIInterfaceOrientationLandscapeRight";
				INFOPLIST_KEY_UISupportedInterfaceOrientations_iPhone = "UIInterfaceOrientationPortrait UIInterfaceOrientationLandscapeLeft UIInterfaceOrientationLandscapeRight";
				LD_RUNPATH_SEARCH_PATHS = (
					"$(inherited)",
					"@executable_path/Frameworks",
				);
				MARKETING_VERSION = 1.0;
				PRODUCT_BUNDLE_IDENTIFIER = "dotGlo.BYOA4-3";
				PRODUCT_NAME = "$(TARGET_NAME)";
				SWIFT_EMIT_LOC_STRINGS = YES;
				SWIFT_VERSION = 5.0;
				TARGETED_DEVICE_FAMILY = "1,2";
			};
			name = Release;
		};
/* End XCBuildConfiguration section */

/* Begin XCConfigurationList section */
		233FBC3429A6B0E3008CB891 /* Build configuration list for PBXProject "BYOA4.3" */ = {
			isa = XCConfigurationList;
			buildConfigurations = (
				233FBC4B29A6B0E4008CB891 /* Debug */,
				233FBC4C29A6B0E4008CB891 /* Release */,
			);
			defaultConfigurationIsVisible = 0;
			defaultConfigurationName = Release;
		};
		233FBC4D29A6B0E4008CB891 /* Build configuration list for PBXNativeTarget "BYOA4.3" */ = {
			isa = XCConfigurationList;
			buildConfigurations = (
				233FBC4E29A6B0E4008CB891 /* Debug */,
				233FBC4F29A6B0E4008CB891 /* Release */,
			);
			defaultConfigurationIsVisible = 0;
			defaultConfigurationName = Release;
		};
/* End XCConfigurationList section */
	};
	rootObject = 233FBC3129A6B0E3008CB891 /* Project object */;
}
